
Microsoft Visual Studio Solution File, Format Version 12.00
# Visual Studio 15
VisualStudioVersion = 15.0.28010.2016
MinimumVisualStudioVersion = 10.0.40219.1
Project("{9A19103F-16F7-4668-BE54-9A1E7A4F7556}") = "Catharsium.Calendar.Google", "Catharsium.Calendar.Google\Catharsium.Calendar.Google.csproj", "{563F6B8C-74E2-489F-9219-F1D1EC70005D}"
EndProject
Project("{9A19103F-16F7-4668-BE54-9A1E7A4F7556}") = "Catharsium.Calendar.Google.Tests", "Catharsium.Calendar.Google.Tests\Catharsium.Calendar.Google.Tests.csproj", "{6D21E93D-C696-4B50-8BDF-D34CA15AFCD9}"
EndProject
Project("{9A19103F-16F7-4668-BE54-9A1E7A4F7556}") = "Catharsium.Calendar.Google.UI.Console", "Catharsium.Calendar.Google.UI.Console\Catharsium.Calendar.Google.UI.Console.csproj", "{4313F93E-D769-4F55-BC55-C7F432848965}"
EndProject
Project("{9A19103F-16F7-4668-BE54-9A1E7A4F7556}") = "Catharsium.Calendar.Google.Core.Entities", "Catharsium.Calendar.Google.Core.Entities\Catharsium.Calendar.Google.Core.Entities.csproj", "{7CFEC0AD-8AE1-4E97-8FE8-6AFC02074CA1}"
EndProject
Project("{2150E333-8FDC-42A3-9474-1A3956D46DE8}") = "Api", "Api", "{430535B7-7A0C-4699-ACBF-249EE3B81386}"
EndProject
Project("{2150E333-8FDC-42A3-9474-1A3956D46DE8}") = "Core", "Core", "{7AA41329-54B0-41BE-8BA1-6B082B4239E8}"
EndProject
Project("{FAE04EC0-301F-11D3-BF4B-00C04F79EFBC}") = "Catharsium.Calendar.Google.Core.Entities.Tests", "Catharsium.Calendar.Google.Core.Entities.Tests\Catharsium.Calendar.Google.Core.Entities.Tests.csproj", "{C0644963-D272-4241-BEAB-A10F5DD8CC51}"
EndProject
Global
	GlobalSection(SolutionConfigurationPlatforms) = preSolution
		Debug|Any CPU = Debug|Any CPU
		Release|Any CPU = Release|Any CPU
	EndGlobalSection
	GlobalSection(ProjectConfigurationPlatforms) = postSolution
		{563F6B8C-74E2-489F-9219-F1D1EC70005D}.Debug|Any CPU.ActiveCfg = Debug|Any CPU
		{563F6B8C-74E2-489F-9219-F1D1EC70005D}.Debug|Any CPU.Build.0 = Debug|Any CPU
		{563F6B8C-74E2-489F-9219-F1D1EC70005D}.Release|Any CPU.ActiveCfg = Release|Any CPU
		{563F6B8C-74E2-489F-9219-F1D1EC70005D}.Release|Any CPU.Build.0 = Release|Any CPU
		{6D21E93D-C696-4B50-8BDF-D34CA15AFCD9}.Debug|Any CPU.ActiveCfg = Debug|Any CPU
		{6D21E93D-C696-4B50-8BDF-D34CA15AFCD9}.Debug|Any CPU.Build.0 = Debug|Any CPU
		{6D21E93D-C696-4B50-8BDF-D34CA15AFCD9}.Release|Any CPU.ActiveCfg = Release|Any CPU
		{6D21E93D-C696-4B50-8BDF-D34CA15AFCD9}.Release|Any CPU.Build.0 = Release|Any CPU
		{4313F93E-D769-4F55-BC55-C7F432848965}.Debug|Any CPU.ActiveCfg = Debug|Any CPU
		{4313F93E-D769-4F55-BC55-C7F432848965}.Debug|Any CPU.Build.0 = Debug|Any CPU
		{4313F93E-D769-4F55-BC55-C7F432848965}.Release|Any CPU.ActiveCfg = Release|Any CPU
		{4313F93E-D769-4F55-BC55-C7F432848965}.Release|Any CPU.Build.0 = Release|Any CPU
		{7CFEC0AD-8AE1-4E97-8FE8-6AFC02074CA1}.Debug|Any CPU.ActiveCfg = Debug|Any CPU
		{7CFEC0AD-8AE1-4E97-8FE8-6AFC02074CA1}.Debug|Any CPU.Build.0 = Debug|Any CPU
		{7CFEC0AD-8AE1-4E97-8FE8-6AFC02074CA1}.Release|Any CPU.ActiveCfg = Release|Any CPU
		{7CFEC0AD-8AE1-4E97-8FE8-6AFC02074CA1}.Release|Any CPU.Build.0 = Release|Any CPU
		{C0644963-D272-4241-BEAB-A10F5DD8CC51}.Debug|Any CPU.ActiveCfg = Debug|Any CPU
		{C0644963-D272-4241-BEAB-A10F5DD8CC51}.Debug|Any CPU.Build.0 = Debug|Any CPU
		{C0644963-D272-4241-BEAB-A10F5DD8CC51}.Release|Any CPU.ActiveCfg = Release|Any CPU
		{C0644963-D272-4241-BEAB-A10F5DD8CC51}.Release|Any CPU.Build.0 = Release|Any CPU
	EndGlobalSection
	GlobalSection(SolutionProperties) = preSolution
		HideSolutionNode = FALSE
	EndGlobalSection
	GlobalSection(NestedProjects) = preSolution
		{563F6B8C-74E2-489F-9219-F1D1EC70005D} = {430535B7-7A0C-4699-ACBF-249EE3B81386}
		{6D21E93D-C696-4B50-8BDF-D34CA15AFCD9} = {430535B7-7A0C-4699-ACBF-249EE3B81386}
		{7CFEC0AD-8AE1-4E97-8FE8-6AFC02074CA1} = {7AA41329-54B0-41BE-8BA1-6B082B4239E8}
		{C0644963-D272-4241-BEAB-A10F5DD8CC51} = {7AA41329-54B0-41BE-8BA1-6B082B4239E8}
	EndGlobalSection
	GlobalSection(ExtensibilityGlobals) = postSolution
		SolutionGuid = {63765E0D-6C23-4897-9F07-742C7D01AE80}
	EndGlobalSection
EndGlobal
