
Microsoft Visual Studio Solution File, Format Version 12.00
# Visual Studio Version 17
VisualStudioVersion = 17.3.32804.467
MinimumVisualStudioVersion = 10.0.40219.1
Project("{9A19103F-16F7-4668-BE54-9A1E7A4F7556}") = "Catharsium.Calendar.UI.Console", "Catharsium.Calendar.UI.Console\Catharsium.Calendar.UI.Console.csproj", "{4313F93E-D769-4F55-BC55-C7F432848965}"
EndProject
Project("{9A19103F-16F7-4668-BE54-9A1E7A4F7556}") = "Catharsium.Calendar.Core.Entities", "Catharsium.Calendar.Core.Entities\Catharsium.Calendar.Core.Entities.csproj", "{7CFEC0AD-8AE1-4E97-8FE8-6AFC02074CA1}"
EndProject
Project("{2150E333-8FDC-42A3-9474-1A3956D46DE8}") = "Core", "Core", "{7AA41329-54B0-41BE-8BA1-6B082B4239E8}"
EndProject
Project("{9A19103F-16F7-4668-BE54-9A1E7A4F7556}") = "Catharsium.Calendar.Core.Entities.Tests", "Catharsium.Calendar.Core.Entities.Tests\Catharsium.Calendar.Core.Entities.Tests.csproj", "{C0644963-D272-4241-BEAB-A10F5DD8CC51}"
EndProject
Project("{2150E333-8FDC-42A3-9474-1A3956D46DE8}") = "UI", "UI", "{EC8BD8AD-F022-4870-8498-93817304D40C}"
EndProject
Project("{9A19103F-16F7-4668-BE54-9A1E7A4F7556}") = "Catharsium.Calendar.UI.Console.Tests", "Catharsium.Calendar.UI.Console.Tests\Catharsium.Calendar.UI.Console.Tests.csproj", "{28545929-15FE-42E6-B374-AED3281FDF78}"
EndProject
Project("{9A19103F-16F7-4668-BE54-9A1E7A4F7556}") = "Catharsium.Calendar.Core.Logic", "Catharsium.Calendar.Core.Logic\Catharsium.Calendar.Core.Logic.csproj", "{98A3312F-4086-4BC0-8040-C687053C255C}"
EndProject
Project("{9A19103F-16F7-4668-BE54-9A1E7A4F7556}") = "Catharsium.Calendar.Core.Logic.Tests", "Catharsium.Calendar.Core.Logic.Tests\Catharsium.Calendar.Core.Logic.Tests.csproj", "{45F9AB5F-F463-442A-A6A7-FBA29ABEF5F7}"
EndProject
Project("{2150E333-8FDC-42A3-9474-1A3956D46DE8}") = "_Solution items", "_Solution items", "{FDC2553A-0457-426C-849D-605ED6728BBE}"
	ProjectSection(SolutionItems) = preProject
		..\..\..\Software\Catharsium.Calendar\appsettings.json = ..\..\..\Software\Catharsium.Calendar\appsettings.json
		.github\workflows\dotnet.yml = .github\workflows\dotnet.yml
	EndProjectSection
EndProject
Global
	GlobalSection(SolutionConfigurationPlatforms) = preSolution
		Debug|Any CPU = Debug|Any CPU
		Release|Any CPU = Release|Any CPU
	EndGlobalSection
	GlobalSection(ProjectConfigurationPlatforms) = postSolution
		{4313F93E-D769-4F55-BC55-C7F432848965}.Debug|Any CPU.ActiveCfg = Debug|Any CPU
		{4313F93E-D769-4F55-BC55-C7F432848965}.Debug|Any CPU.Build.0 = Debug|Any CPU
		{4313F93E-D769-4F55-BC55-C7F432848965}.Release|Any CPU.ActiveCfg = Release|Any CPU
		{4313F93E-D769-4F55-BC55-C7F432848965}.Release|Any CPU.Build.0 = Release|Any CPU
		{7CFEC0AD-8AE1-4E97-8FE8-6AFC02074CA1}.Debug|Any CPU.ActiveCfg = Debug|Any CPU
		{7CFEC0AD-8AE1-4E97-8FE8-6AFC02074CA1}.Debug|Any CPU.Build.0 = Debug|Any CPU
		{7CFEC0AD-8AE1-4E97-8FE8-6AFC02074CA1}.Release|Any CPU.ActiveCfg = Release|Any CPU
		{7CFEC0AD-8AE1-4E97-8FE8-6AFC02074CA1}.Release|Any CPU.Build.0 = Release|Any CPU
		{C0644963-D272-4241-BEAB-A10F5DD8CC51}.Debug|Any CPU.ActiveCfg = Debug|Any CPU
		{C0644963-D272-4241-BEAB-A10F5DD8CC51}.Debug|Any CPU.Build.0 = Debug|Any CPU
		{C0644963-D272-4241-BEAB-A10F5DD8CC51}.Release|Any CPU.ActiveCfg = Release|Any CPU
		{C0644963-D272-4241-BEAB-A10F5DD8CC51}.Release|Any CPU.Build.0 = Release|Any CPU
		{28545929-15FE-42E6-B374-AED3281FDF78}.Debug|Any CPU.ActiveCfg = Debug|Any CPU
		{28545929-15FE-42E6-B374-AED3281FDF78}.Debug|Any CPU.Build.0 = Debug|Any CPU
		{28545929-15FE-42E6-B374-AED3281FDF78}.Release|Any CPU.ActiveCfg = Release|Any CPU
		{28545929-15FE-42E6-B374-AED3281FDF78}.Release|Any CPU.Build.0 = Release|Any CPU
		{98A3312F-4086-4BC0-8040-C687053C255C}.Debug|Any CPU.ActiveCfg = Debug|Any CPU
		{98A3312F-4086-4BC0-8040-C687053C255C}.Debug|Any CPU.Build.0 = Debug|Any CPU
		{98A3312F-4086-4BC0-8040-C687053C255C}.Release|Any CPU.ActiveCfg = Release|Any CPU
		{98A3312F-4086-4BC0-8040-C687053C255C}.Release|Any CPU.Build.0 = Release|Any CPU
		{45F9AB5F-F463-442A-A6A7-FBA29ABEF5F7}.Debug|Any CPU.ActiveCfg = Debug|Any CPU
		{45F9AB5F-F463-442A-A6A7-FBA29ABEF5F7}.Debug|Any CPU.Build.0 = Debug|Any CPU
		{45F9AB5F-F463-442A-A6A7-FBA29ABEF5F7}.Release|Any CPU.ActiveCfg = Release|Any CPU
		{45F9AB5F-F463-442A-A6A7-FBA29ABEF5F7}.Release|Any CPU.Build.0 = Release|Any CPU
	EndGlobalSection
	GlobalSection(SolutionProperties) = preSolution
		HideSolutionNode = FALSE
	EndGlobalSection
	GlobalSection(NestedProjects) = preSolution
		{4313F93E-D769-4F55-BC55-C7F432848965} = {EC8BD8AD-F022-4870-8498-93817304D40C}
		{7CFEC0AD-8AE1-4E97-8FE8-6AFC02074CA1} = {7AA41329-54B0-41BE-8BA1-6B082B4239E8}
		{C0644963-D272-4241-BEAB-A10F5DD8CC51} = {7AA41329-54B0-41BE-8BA1-6B082B4239E8}
		{28545929-15FE-42E6-B374-AED3281FDF78} = {EC8BD8AD-F022-4870-8498-93817304D40C}
		{98A3312F-4086-4BC0-8040-C687053C255C} = {7AA41329-54B0-41BE-8BA1-6B082B4239E8}
		{45F9AB5F-F463-442A-A6A7-FBA29ABEF5F7} = {7AA41329-54B0-41BE-8BA1-6B082B4239E8}
	EndGlobalSection
	GlobalSection(ExtensibilityGlobals) = postSolution
		SolutionGuid = {63765E0D-6C23-4897-9F07-742C7D01AE80}
	EndGlobalSection
EndGlobal
